
Microsoft Visual Studio Solution File, Format Version 12.00
# Visual Studio 2012
Project("{2150E333-8FDC-42A3-9474-1A3956D46DE8}") = "Combinator", "Combinator", "{E1AD16A2-3BF0-41FB-BCC3-3FE1D63BDBE5}"
	ProjectSection(SolutionItems) = preProject
		combinator.msbuild.proj = combinator.msbuild.proj
	EndProjectSection
EndProject
Project("{2150E333-8FDC-42A3-9474-1A3956D46DE8}") = "Samples", "Samples", "{AC12E917-DB4B-47FA-BF0B-1A899A8941EA}"
EndProject
Project("{2150E333-8FDC-42A3-9474-1A3956D46DE8}") = "Tests", "Tests", "{7AB31D80-B8DE-418D-9B09-01600F0DEDB9}"
EndProject
Project("{F2A71F9B-5D33-465A-A702-920D77279786}") = "FsTests", "Samples\FsTests\FsTests.fsproj", "{1F3EDE6E-7D84-45BD-9B0C-00198760A714}"
EndProject
Project("{2150E333-8FDC-42A3-9474-1A3956D46DE8}") = "SampleMatchers", "SampleMatchers", "{BBD05026-5FB0-45F1-A098-CAA0DF1E9C8A}"
EndProject
Project("{F2A71F9B-5D33-465A-A702-920D77279786}") = "StringMatchers", "Samples\StringMatchSamples\StringMatchers.fsproj", "{6C92BE9F-549A-4526-B52B-CDC70BB92501}"
EndProject
Project("{F2A71F9B-5D33-465A-A702-920D77279786}") = "Mp4Matcher", "Samples\Mp4Matcher\Mp4Matcher.fsproj", "{1A66B236-6BE3-4A5A-9B40-DDF030BD8B23}"
EndProject
Project("{F2A71F9B-5D33-465A-A702-920D77279786}") = "Combinator", "Combinator\Combinator.fsproj", "{709656E5-34B4-40EE-A3DE-EBE4FCFFBD90}"
EndProject
Global
	GlobalSection(SolutionConfigurationPlatforms) = preSolution
		Debug|Any CPU = Debug|Any CPU
		Debug|Mixed Platforms = Debug|Mixed Platforms
		Debug|Win32 = Debug|Win32
		Debug|x64 = Debug|x64
		Debug|x86 = Debug|x86
		Release|Any CPU = Release|Any CPU
		Release|Mixed Platforms = Release|Mixed Platforms
		Release|Win32 = Release|Win32
		Release|x64 = Release|x64
		Release|x86 = Release|x86
	EndGlobalSection
	GlobalSection(ProjectConfigurationPlatforms) = postSolution
		{1F3EDE6E-7D84-45BD-9B0C-00198760A714}.Debug|Any CPU.ActiveCfg = Debug|Any CPU
		{1F3EDE6E-7D84-45BD-9B0C-00198760A714}.Debug|Any CPU.Build.0 = Debug|Any CPU
		{1F3EDE6E-7D84-45BD-9B0C-00198760A714}.Debug|Mixed Platforms.ActiveCfg = Debug|x86
		{1F3EDE6E-7D84-45BD-9B0C-00198760A714}.Debug|Mixed Platforms.Build.0 = Debug|x86
		{1F3EDE6E-7D84-45BD-9B0C-00198760A714}.Debug|Win32.ActiveCfg = Debug|x86
		{1F3EDE6E-7D84-45BD-9B0C-00198760A714}.Debug|Win32.Build.0 = Debug|x86
		{1F3EDE6E-7D84-45BD-9B0C-00198760A714}.Debug|x64.ActiveCfg = Debug|x64
		{1F3EDE6E-7D84-45BD-9B0C-00198760A714}.Debug|x64.Build.0 = Debug|x64
		{1F3EDE6E-7D84-45BD-9B0C-00198760A714}.Debug|x86.ActiveCfg = Debug|x86
		{1F3EDE6E-7D84-45BD-9B0C-00198760A714}.Debug|x86.Build.0 = Debug|x86
		{1F3EDE6E-7D84-45BD-9B0C-00198760A714}.Release|Any CPU.ActiveCfg = Release|Any CPU
		{1F3EDE6E-7D84-45BD-9B0C-00198760A714}.Release|Any CPU.Build.0 = Release|Any CPU
		{1F3EDE6E-7D84-45BD-9B0C-00198760A714}.Release|Mixed Platforms.ActiveCfg = Release|x86
		{1F3EDE6E-7D84-45BD-9B0C-00198760A714}.Release|Mixed Platforms.Build.0 = Release|x86
		{1F3EDE6E-7D84-45BD-9B0C-00198760A714}.Release|Win32.ActiveCfg = Release|x86
		{1F3EDE6E-7D84-45BD-9B0C-00198760A714}.Release|Win32.Build.0 = Release|x86
		{1F3EDE6E-7D84-45BD-9B0C-00198760A714}.Release|x64.ActiveCfg = Release|x64
		{1F3EDE6E-7D84-45BD-9B0C-00198760A714}.Release|x64.Build.0 = Release|x64
		{1F3EDE6E-7D84-45BD-9B0C-00198760A714}.Release|x86.ActiveCfg = Release|x86
		{1F3EDE6E-7D84-45BD-9B0C-00198760A714}.Release|x86.Build.0 = Release|x86
		{6C92BE9F-549A-4526-B52B-CDC70BB92501}.Debug|Any CPU.ActiveCfg = Debug|Any CPU
		{6C92BE9F-549A-4526-B52B-CDC70BB92501}.Debug|Any CPU.Build.0 = Debug|Any CPU
		{6C92BE9F-549A-4526-B52B-CDC70BB92501}.Debug|Mixed Platforms.ActiveCfg = Debug|x86
		{6C92BE9F-549A-4526-B52B-CDC70BB92501}.Debug|Mixed Platforms.Build.0 = Debug|x86
		{6C92BE9F-549A-4526-B52B-CDC70BB92501}.Debug|Win32.ActiveCfg = Debug|x86
		{6C92BE9F-549A-4526-B52B-CDC70BB92501}.Debug|Win32.Build.0 = Debug|x86
		{6C92BE9F-549A-4526-B52B-CDC70BB92501}.Debug|x64.ActiveCfg = Debug|x64
		{6C92BE9F-549A-4526-B52B-CDC70BB92501}.Debug|x64.Build.0 = Debug|x64
		{6C92BE9F-549A-4526-B52B-CDC70BB92501}.Debug|x86.ActiveCfg = Debug|x86
		{6C92BE9F-549A-4526-B52B-CDC70BB92501}.Debug|x86.Build.0 = Debug|x86
		{6C92BE9F-549A-4526-B52B-CDC70BB92501}.Release|Any CPU.ActiveCfg = Release|Any CPU
		{6C92BE9F-549A-4526-B52B-CDC70BB92501}.Release|Any CPU.Build.0 = Release|Any CPU
		{6C92BE9F-549A-4526-B52B-CDC70BB92501}.Release|Mixed Platforms.ActiveCfg = Release|x86
		{6C92BE9F-549A-4526-B52B-CDC70BB92501}.Release|Mixed Platforms.Build.0 = Release|x86
		{6C92BE9F-549A-4526-B52B-CDC70BB92501}.Release|Win32.ActiveCfg = Release|x86
		{6C92BE9F-549A-4526-B52B-CDC70BB92501}.Release|Win32.Build.0 = Release|x86
		{6C92BE9F-549A-4526-B52B-CDC70BB92501}.Release|x64.ActiveCfg = Release|x64
		{6C92BE9F-549A-4526-B52B-CDC70BB92501}.Release|x64.Build.0 = Release|x64
		{6C92BE9F-549A-4526-B52B-CDC70BB92501}.Release|x86.ActiveCfg = Release|x86
		{6C92BE9F-549A-4526-B52B-CDC70BB92501}.Release|x86.Build.0 = Release|x86
		{1A66B236-6BE3-4A5A-9B40-DDF030BD8B23}.Debug|Any CPU.ActiveCfg = Debug|Any CPU
		{1A66B236-6BE3-4A5A-9B40-DDF030BD8B23}.Debug|Any CPU.Build.0 = Debug|Any CPU
		{1A66B236-6BE3-4A5A-9B40-DDF030BD8B23}.Debug|Mixed Platforms.ActiveCfg = Debug|x86
		{1A66B236-6BE3-4A5A-9B40-DDF030BD8B23}.Debug|Mixed Platforms.Build.0 = Debug|x86
		{1A66B236-6BE3-4A5A-9B40-DDF030BD8B23}.Debug|Win32.ActiveCfg = Debug|x86
		{1A66B236-6BE3-4A5A-9B40-DDF030BD8B23}.Debug|Win32.Build.0 = Debug|x86
		{1A66B236-6BE3-4A5A-9B40-DDF030BD8B23}.Debug|x64.ActiveCfg = Debug|x64
		{1A66B236-6BE3-4A5A-9B40-DDF030BD8B23}.Debug|x64.Build.0 = Debug|x64
		{1A66B236-6BE3-4A5A-9B40-DDF030BD8B23}.Debug|x86.ActiveCfg = Debug|x86
		{1A66B236-6BE3-4A5A-9B40-DDF030BD8B23}.Debug|x86.Build.0 = Debug|x86
		{1A66B236-6BE3-4A5A-9B40-DDF030BD8B23}.Release|Any CPU.ActiveCfg = Release|Any CPU
		{1A66B236-6BE3-4A5A-9B40-DDF030BD8B23}.Release|Any CPU.Build.0 = Release|Any CPU
		{1A66B236-6BE3-4A5A-9B40-DDF030BD8B23}.Release|Mixed Platforms.ActiveCfg = Release|x86
		{1A66B236-6BE3-4A5A-9B40-DDF030BD8B23}.Release|Mixed Platforms.Build.0 = Release|x86
		{1A66B236-6BE3-4A5A-9B40-DDF030BD8B23}.Release|Win32.ActiveCfg = Release|x86
		{1A66B236-6BE3-4A5A-9B40-DDF030BD8B23}.Release|Win32.Build.0 = Release|x86
		{1A66B236-6BE3-4A5A-9B40-DDF030BD8B23}.Release|x64.ActiveCfg = Release|x64
		{1A66B236-6BE3-4A5A-9B40-DDF030BD8B23}.Release|x64.Build.0 = Release|x64
		{1A66B236-6BE3-4A5A-9B40-DDF030BD8B23}.Release|x86.ActiveCfg = Release|x86
		{1A66B236-6BE3-4A5A-9B40-DDF030BD8B23}.Release|x86.Build.0 = Release|x86
		{709656E5-34B4-40EE-A3DE-EBE4FCFFBD90}.Debug|Any CPU.ActiveCfg = Debug|Any CPU
		{709656E5-34B4-40EE-A3DE-EBE4FCFFBD90}.Debug|Any CPU.Build.0 = Debug|Any CPU
		{709656E5-34B4-40EE-A3DE-EBE4FCFFBD90}.Debug|Mixed Platforms.ActiveCfg = Debug|x86
		{709656E5-34B4-40EE-A3DE-EBE4FCFFBD90}.Debug|Mixed Platforms.Build.0 = Debug|x86
		{709656E5-34B4-40EE-A3DE-EBE4FCFFBD90}.Debug|Win32.ActiveCfg = Debug|x86
		{709656E5-34B4-40EE-A3DE-EBE4FCFFBD90}.Debug|Win32.Build.0 = Debug|x86
		{709656E5-34B4-40EE-A3DE-EBE4FCFFBD90}.Debug|x64.ActiveCfg = Debug|x64
		{709656E5-34B4-40EE-A3DE-EBE4FCFFBD90}.Debug|x64.Build.0 = Debug|x64
		{709656E5-34B4-40EE-A3DE-EBE4FCFFBD90}.Debug|x86.ActiveCfg = Debug|x86
		{709656E5-34B4-40EE-A3DE-EBE4FCFFBD90}.Debug|x86.Build.0 = Debug|x86
		{709656E5-34B4-40EE-A3DE-EBE4FCFFBD90}.Release|Any CPU.ActiveCfg = Release|Any CPU
		{709656E5-34B4-40EE-A3DE-EBE4FCFFBD90}.Release|Any CPU.Build.0 = Release|Any CPU
		{709656E5-34B4-40EE-A3DE-EBE4FCFFBD90}.Release|Mixed Platforms.ActiveCfg = Release|x86
		{709656E5-34B4-40EE-A3DE-EBE4FCFFBD90}.Release|Mixed Platforms.Build.0 = Release|x86
		{709656E5-34B4-40EE-A3DE-EBE4FCFFBD90}.Release|Win32.ActiveCfg = Release|x86
		{709656E5-34B4-40EE-A3DE-EBE4FCFFBD90}.Release|Win32.Build.0 = Release|x86
		{709656E5-34B4-40EE-A3DE-EBE4FCFFBD90}.Release|x64.ActiveCfg = Release|x64
		{709656E5-34B4-40EE-A3DE-EBE4FCFFBD90}.Release|x64.Build.0 = Release|x64
		{709656E5-34B4-40EE-A3DE-EBE4FCFFBD90}.Release|x86.ActiveCfg = Release|x86
		{709656E5-34B4-40EE-A3DE-EBE4FCFFBD90}.Release|x86.Build.0 = Release|x86
	EndGlobalSection
	GlobalSection(SolutionProperties) = preSolution
		HideSolutionNode = FALSE
	EndGlobalSection
	GlobalSection(NestedProjects) = preSolution
		{709656E5-34B4-40EE-A3DE-EBE4FCFFBD90} = {E1AD16A2-3BF0-41FB-BCC3-3FE1D63BDBE5}
		{7AB31D80-B8DE-418D-9B09-01600F0DEDB9} = {AC12E917-DB4B-47FA-BF0B-1A899A8941EA}
		{BBD05026-5FB0-45F1-A098-CAA0DF1E9C8A} = {AC12E917-DB4B-47FA-BF0B-1A899A8941EA}
	EndGlobalSection
	GlobalSection(MonoDevelopProperties) = preSolution
		StartupItem = CombinatorCS\CombinatorCS.csproj
		version = 1.0.1
	EndGlobalSection
EndGlobal
